
Microsoft Visual Studio Solution File, Format Version 12.00
# Visual Studio Version 16
VisualStudioVersion = 16.0.30621.155
MinimumVisualStudioVersion = 10.0.40219.1
Project("{9A19103F-16F7-4668-BE54-9A1E7A4F7556}") = "RockPaperScissors.ConsoleApp", "RockPaperScissors\RockPaperScissors.ConsoleApp.csproj", "{D5C79D4F-F409-4954-AFC2-7DE812C20484}"
EndProject
Project("{9A19103F-16F7-4668-BE54-9A1E7A4F7556}") = "RockPaperScissors.GameLibrary", "RockPaperScissors.GameLibrary\RockPaperScissors.GameLibrary.csproj", "{5E76F3D2-A617-4AA3-B908-825BC2C99D8C}"
EndProject
Project("{9A19103F-16F7-4668-BE54-9A1E7A4F7556}") = "ConsoleIO", "ConsoleIO\ConsoleIO.csproj", "{B1136280-2717-45C7-BC78-B2CA2D083430}"
EndProject
Project("{FAE04EC0-301F-11D3-BF4B-00C04F79EFBC}") = "RockPaperScissors.GameLibraryTests", "RockPaperScissors.GameLibraryTests\RockPaperScissors.GameLibraryTests.csproj", "{20C90040-0801-4817-B92B-FBEC30F611E8}"
EndProject
Global
	GlobalSection(SolutionConfigurationPlatforms) = preSolution
		Debug|Any CPU = Debug|Any CPU
		Release|Any CPU = Release|Any CPU
	EndGlobalSection
	GlobalSection(ProjectConfigurationPlatforms) = postSolution
		{D5C79D4F-F409-4954-AFC2-7DE812C20484}.Debug|Any CPU.ActiveCfg = Debug|Any CPU
		{D5C79D4F-F409-4954-AFC2-7DE812C20484}.Debug|Any CPU.Build.0 = Debug|Any CPU
		{D5C79D4F-F409-4954-AFC2-7DE812C20484}.Release|Any CPU.ActiveCfg = Release|Any CPU
		{D5C79D4F-F409-4954-AFC2-7DE812C20484}.Release|Any CPU.Build.0 = Release|Any CPU
		{5E76F3D2-A617-4AA3-B908-825BC2C99D8C}.Debug|Any CPU.ActiveCfg = Debug|Any CPU
		{5E76F3D2-A617-4AA3-B908-825BC2C99D8C}.Debug|Any CPU.Build.0 = Debug|Any CPU
		{5E76F3D2-A617-4AA3-B908-825BC2C99D8C}.Release|Any CPU.ActiveCfg = Release|Any CPU
		{5E76F3D2-A617-4AA3-B908-825BC2C99D8C}.Release|Any CPU.Build.0 = Release|Any CPU
		{B1136280-2717-45C7-BC78-B2CA2D083430}.Debug|Any CPU.ActiveCfg = Debug|Any CPU
		{B1136280-2717-45C7-BC78-B2CA2D083430}.Debug|Any CPU.Build.0 = Debug|Any CPU
		{B1136280-2717-45C7-BC78-B2CA2D083430}.Release|Any CPU.ActiveCfg = Release|Any CPU
		{B1136280-2717-45C7-BC78-B2CA2D083430}.Release|Any CPU.Build.0 = Release|Any CPU
		{20C90040-0801-4817-B92B-FBEC30F611E8}.Debug|Any CPU.ActiveCfg = Debug|Any CPU
		{20C90040-0801-4817-B92B-FBEC30F611E8}.Debug|Any CPU.Build.0 = Debug|Any CPU
		{20C90040-0801-4817-B92B-FBEC30F611E8}.Release|Any CPU.ActiveCfg = Release|Any CPU
		{20C90040-0801-4817-B92B-FBEC30F611E8}.Release|Any CPU.Build.0 = Release|Any CPU
	EndGlobalSection
	GlobalSection(SolutionProperties) = preSolution
		HideSolutionNode = FALSE
	EndGlobalSection
	GlobalSection(ExtensibilityGlobals) = postSolution
		SolutionGuid = {B2870294-B829-4802-A85B-3F224AA59374}
	EndGlobalSection
EndGlobal
